
Microsoft Visual Studio Solution File, Format Version 12.00
# Visual Studio 15
VisualStudioVersion = 15.0.28010.2026
MinimumVisualStudioVersion = 10.0.40219.1
Project("{FAE04EC0-301F-11D3-BF4B-00C04F79EFBC}") = "MWD Template Creator", "MWD Template Creator\MWD Template Creator.csproj", "{999B07A6-9F1D-4F6F-BBF2-84398B6B590C}"
EndProject
Global
	GlobalSection(SolutionConfigurationPlatforms) = preSolution
		Debug|Any CPU = Debug|Any CPU
		Release|Any CPU = Release|Any CPU
	EndGlobalSection
	GlobalSection(ProjectConfigurationPlatforms) = postSolution
		{999B07A6-9F1D-4F6F-BBF2-84398B6B590C}.Debug|Any CPU.ActiveCfg = Debug|Any CPU
		{999B07A6-9F1D-4F6F-BBF2-84398B6B590C}.Debug|Any CPU.Build.0 = Debug|Any CPU
		{999B07A6-9F1D-4F6F-BBF2-84398B6B590C}.Release|Any CPU.ActiveCfg = Release|Any CPU
		{999B07A6-9F1D-4F6F-BBF2-84398B6B590C}.Release|Any CPU.Build.0 = Release|Any CPU
	EndGlobalSection
	GlobalSection(SolutionProperties) = preSolution
		HideSolutionNode = FALSE
	EndGlobalSection
	GlobalSection(ExtensibilityGlobals) = postSolution
		SolutionGuid = {DD72DC9A-9336-4108-85D1-ED53C40E23C6}
	EndGlobalSection
EndGlobal
